rules:
  - key: 'Help Center Article: Code block'
    type: TRACK
    description: 'Help Center Article: Code block'
    version: 1
    labels: {}
    properties:
      logged in:
        type:
          - boolean
      page:
        type:
          - string
      redirect:
        type:
          - boolean
      source:
        type:
          - string
